
Microsoft Visual Studio Solution File, Format Version 12.00
# Visual Studio Version 17
VisualStudioVersion = 17.11.35431.28
MinimumVisualStudioVersion = 10.0.40219.1
Project("{FAE04EC0-301F-11D3-BF4B-00C04F79EFBC}") = "DAL", "DAL\DAL.csproj", "{33F0D3F8-2C70-44F1-9278-55787E8A5D42}"
EndProject
Project("{FAE04EC0-301F-11D3-BF4B-00C04F79EFBC}") = "BLL", "BLL\BLL.csproj", "{FA9DCC00-9E6D-44B3-AA38-600412427648}"
EndProject
Project("{FAE04EC0-301F-11D3-BF4B-00C04F79EFBC}") = "AMS", "AMS\AMS.csproj", "{67BD66C0-73AE-455F-B466-486029C102AB}"
EndProject
Global
	GlobalSection(SolutionConfigurationPlatforms) = preSolution
		Debug|Any CPU = Debug|Any CPU
		Release|Any CPU = Release|Any CPU
	EndGlobalSection
	GlobalSection(ProjectConfigurationPlatforms) = postSolution
		{33F0D3F8-2C70-44F1-9278-55787E8A5D42}.Debug|Any CPU.ActiveCfg = Debug|Any CPU
		{33F0D3F8-2C70-44F1-9278-55787E8A5D42}.Debug|Any CPU.Build.0 = Debug|Any CPU
		{33F0D3F8-2C70-44F1-9278-55787E8A5D42}.Release|Any CPU.ActiveCfg = Release|Any CPU
		{33F0D3F8-2C70-44F1-9278-55787E8A5D42}.Release|Any CPU.Build.0 = Release|Any CPU
		{FA9DCC00-9E6D-44B3-AA38-600412427648}.Debug|Any CPU.ActiveCfg = Debug|Any CPU
		{FA9DCC00-9E6D-44B3-AA38-600412427648}.Debug|Any CPU.Build.0 = Debug|Any CPU
		{FA9DCC00-9E6D-44B3-AA38-600412427648}.Release|Any CPU.ActiveCfg = Release|Any CPU
		{FA9DCC00-9E6D-44B3-AA38-600412427648}.Release|Any CPU.Build.0 = Release|Any CPU
		{67BD66C0-73AE-455F-B466-486029C102AB}.Debug|Any CPU.ActiveCfg = Debug|Any CPU
		{67BD66C0-73AE-455F-B466-486029C102AB}.Debug|Any CPU.Build.0 = Debug|Any CPU
		{67BD66C0-73AE-455F-B466-486029C102AB}.Release|Any CPU.ActiveCfg = Release|Any CPU
		{67BD66C0-73AE-455F-B466-486029C102AB}.Release|Any CPU.Build.0 = Release|Any CPU
	EndGlobalSection
	GlobalSection(SolutionProperties) = preSolution
		HideSolutionNode = FALSE
	EndGlobalSection
	GlobalSection(ExtensibilityGlobals) = postSolution
		SolutionGuid = {BB17BB67-767F-47B2-8DEF-6A82AD87FC37}
	EndGlobalSection
EndGlobal
