
Microsoft Visual Studio Solution File, Format Version 12.00
# Visual Studio Version 17
VisualStudioVersion = 17.11.35431.28
MinimumVisualStudioVersion = 10.0.40219.1
Project("{FAE04EC0-301F-11D3-BF4B-00C04F79EFBC}") = "AMS", "AMS.csproj", "{4DF2E9C3-747C-4894-88F8-ACC88BF12896}"
EndProject
Project("{FAE04EC0-301F-11D3-BF4B-00C04F79EFBC}") = "DAL", "..\DLL\DAL.csproj", "{C0B0FBA0-ED65-4931-BF9B-88C6DF1E3D23}"
EndProject
Project("{FAE04EC0-301F-11D3-BF4B-00C04F79EFBC}") = "BLL", "..\BLL\BLL.csproj", "{D4C3094E-F386-4129-8839-7B7AD4C8962F}"
EndProject
Global
	GlobalSection(SolutionConfigurationPlatforms) = preSolution
		Debug|Any CPU = Debug|Any CPU
		Release|Any CPU = Release|Any CPU
	EndGlobalSection
	GlobalSection(ProjectConfigurationPlatforms) = postSolution
		{4DF2E9C3-747C-4894-88F8-ACC88BF12896}.Debug|Any CPU.ActiveCfg = Debug|Any CPU
		{4DF2E9C3-747C-4894-88F8-ACC88BF12896}.Debug|Any CPU.Build.0 = Debug|Any CPU
		{4DF2E9C3-747C-4894-88F8-ACC88BF12896}.Release|Any CPU.ActiveCfg = Release|Any CPU
		{4DF2E9C3-747C-4894-88F8-ACC88BF12896}.Release|Any CPU.Build.0 = Release|Any CPU
		{C0B0FBA0-ED65-4931-BF9B-88C6DF1E3D23}.Debug|Any CPU.ActiveCfg = Debug|Any CPU
		{C0B0FBA0-ED65-4931-BF9B-88C6DF1E3D23}.Debug|Any CPU.Build.0 = Debug|Any CPU
		{C0B0FBA0-ED65-4931-BF9B-88C6DF1E3D23}.Release|Any CPU.ActiveCfg = Release|Any CPU
		{C0B0FBA0-ED65-4931-BF9B-88C6DF1E3D23}.Release|Any CPU.Build.0 = Release|Any CPU
		{D4C3094E-F386-4129-8839-7B7AD4C8962F}.Debug|Any CPU.ActiveCfg = Debug|Any CPU
		{D4C3094E-F386-4129-8839-7B7AD4C8962F}.Debug|Any CPU.Build.0 = Debug|Any CPU
		{D4C3094E-F386-4129-8839-7B7AD4C8962F}.Release|Any CPU.ActiveCfg = Release|Any CPU
		{D4C3094E-F386-4129-8839-7B7AD4C8962F}.Release|Any CPU.Build.0 = Release|Any CPU
	EndGlobalSection
	GlobalSection(SolutionProperties) = preSolution
		HideSolutionNode = FALSE
	EndGlobalSection
	GlobalSection(ExtensibilityGlobals) = postSolution
		SolutionGuid = {78746A1B-CA02-4826-A9B5-01902F0F8E30}
	EndGlobalSection
EndGlobal
